
Microsoft Visual Studio Solution File, Format Version 12.00
Project("{FAE04EC0-301F-11D3-BF4B-00C04F79EFBC}") = "ASP.NET_HW_21", "ASP.NET_HW_21.csproj", "{35B643D9-613D-47CA-A1C6-4F58C6EE375E}"
EndProject
Global
	GlobalSection(SolutionConfigurationPlatforms) = preSolution
		Debug|Any CPU = Debug|Any CPU
		Release|Any CPU = Release|Any CPU
	EndGlobalSection
	GlobalSection(ProjectConfigurationPlatforms) = postSolution
		{35B643D9-613D-47CA-A1C6-4F58C6EE375E}.Debug|Any CPU.ActiveCfg = Debug|Any CPU
		{35B643D9-613D-47CA-A1C6-4F58C6EE375E}.Debug|Any CPU.Build.0 = Debug|Any CPU
		{35B643D9-613D-47CA-A1C6-4F58C6EE375E}.Release|Any CPU.ActiveCfg = Release|Any CPU
		{35B643D9-613D-47CA-A1C6-4F58C6EE375E}.Release|Any CPU.Build.0 = Release|Any CPU
	EndGlobalSection
EndGlobal
